
Microsoft Visual Studio Solution File, Format Version 12.00
# Visual Studio Version 17
VisualStudioVersion = 17.1.32421.90
MinimumVisualStudioVersion = 10.0.40219.1
Project("{9A19103F-16F7-4668-BE54-9A1E7A4F7556}") = "WP.Infrastructures.SqlSugar", "WP.Infrastructures.SqlSugar\WP.Infrastructures.SqlSugar.csproj", "{C2A2440F-C9AD-46EB-8C28-843332422168}"
EndProject
Project("{9A19103F-16F7-4668-BE54-9A1E7A4F7556}") = "WP.User.WebApi", "WP.User.WebApi\WP.User.WebApi.csproj", "{095006C5-EE17-4816-8613-EC3863807CD3}"
EndProject
Project("{9A19103F-16F7-4668-BE54-9A1E7A4F7556}") = "WP.Shared.Application", "WP.Shared.Application\WP.Shared.Application.csproj", "{3DE31327-BE55-448D-8A3D-AFC316466255}"
EndProject
Project("{9A19103F-16F7-4668-BE54-9A1E7A4F7556}") = "WP.User.Application", "WP.User.Application\WP.User.Application.csproj", "{ADA4486B-6196-45BD-ADE2-23155474CA7D}"
EndProject
Project("{9A19103F-16F7-4668-BE54-9A1E7A4F7556}") = "WP.Infrastructures.Core", "WP.Infrastructures.Core\WP.Infrastructures.Core.csproj", "{9C68EDF3-5922-47F8-80F2-0F3EF17A1A57}"
EndProject
Project("{2150E333-8FDC-42A3-9474-1A3956D46DE8}") = "Infrastructures", "Infrastructures", "{0EEA3F70-BE0D-4106-A1E3-F9E2BEC981AF}"
EndProject
Project("{2150E333-8FDC-42A3-9474-1A3956D46DE8}") = "Services", "Services", "{AC72CE1A-BBFB-4156-BB54-EADB99C7F843}"
EndProject
Project("{2150E333-8FDC-42A3-9474-1A3956D46DE8}") = "Shared", "Shared", "{DE4EEB82-E310-429C-A95B-0AF47E01429A}"
EndProject
Project("{9A19103F-16F7-4668-BE54-9A1E7A4F7556}") = "WP.Infrastructures.EventBus", "WP.Infrastructures.EventBus\WP.Infrastructures.EventBus.csproj", "{CBE99032-F8B6-481A-AD15-D669B593889A}"
EndProject
Project("{9A19103F-16F7-4668-BE54-9A1E7A4F7556}") = "WP.Shared.WebApi", "WP.Shared.WebApi\WP.Shared.WebApi.csproj", "{4D0F484B-55F1-4838-94C1-B064DFA710BC}"
EndProject
Project("{9A19103F-16F7-4668-BE54-9A1E7A4F7556}") = "WP.Infrastructures.JwtBearer", "WP.Infrastructures.JwtBearer\WP.Infrastructures.JwtBearer.csproj", "{A2A5D4E2-74BC-4ACC-9543-59737E695816}"
EndProject
Project("{9A19103F-16F7-4668-BE54-9A1E7A4F7556}") = "WP.Infrastructures.Mapster", "WP.Infrastructures.Mapster\WP.Infrastructures.Mapster.csproj", "{8E336D23-51D1-4280-A580-BBDB37D790FD}"
EndProject
Project("{2150E333-8FDC-42A3-9474-1A3956D46DE8}") = "User", "User", "{8EB1D7A1-14DE-4E76-956A-B68AE2D3F4CE}"
EndProject
Project("{2150E333-8FDC-42A3-9474-1A3956D46DE8}") = "Tests", "Tests", "{F4AC40C7-C785-430C-9825-536A19F650B7}"
EndProject
Project("{2150E333-8FDC-42A3-9474-1A3956D46DE8}") = "Gateway", "Gateway", "{A763AC1A-ABEE-4BBB-9318-E40891C643C1}"
EndProject
Project("{9A19103F-16F7-4668-BE54-9A1E7A4F7556}") = "WP.NetCore.Gateway", "WP.NetCore.Gateway\WP.NetCore.Gateway.csproj", "{5B5DCCAD-596D-4CAC-BC0F-A5596AB4ED00}"
EndProject
Project("{9A19103F-16F7-4668-BE54-9A1E7A4F7556}") = "WP.NetCore.xUnitTest", "WP.NetCore.xUnitTest\WP.NetCore.xUnitTest.csproj", "{EAB4C826-48D5-44BA-82B9-51BB455A2182}"
EndProject
Project("{9A19103F-16F7-4668-BE54-9A1E7A4F7556}") = "WP.Infrastructures.SchedulerJob", "WP.Infrastructures.SchedulerJob\WP.Infrastructures.SchedulerJob.csproj", "{FC0C4E9D-6C7B-4184-A1C3-EE1B4FA6E214}"
EndProject
Project("{9A19103F-16F7-4668-BE54-9A1E7A4F7556}") = "WP.User.Application.Contracts", "WP.User.Application.Contracts\WP.User.Application.Contracts.csproj", "{51E7D3AA-7166-4D45-9B17-6A76681868FD}"
EndProject
Project("{9A19103F-16F7-4668-BE54-9A1E7A4F7556}") = "WP.User.Repository", "WP.User.Repository\WP.User.Repository.csproj", "{5E34753F-0C82-4F90-85A3-0574A508C9D6}"
EndProject
Project("{9A19103F-16F7-4668-BE54-9A1E7A4F7556}") = "WP.Shared.Application.Contracts", "WP.Shared.Application.Contracts\WP.Shared.Application.Contracts.csproj", "{09555B2D-807F-4D34-940B-BE3495DC8173}"
EndProject
Project("{2150E333-8FDC-42A3-9474-1A3956D46DE8}") = "Blog", "Blog", "{2C6C910C-39E8-4A92-9ABC-366064D2C8E8}"
EndProject
Project("{FAE04EC0-301F-11D3-BF4B-00C04F79EFBC}") = "WP.Blog.WebApi", "WP.Blog.WebApi\WP.Blog.WebApi.csproj", "{AF64F59F-8F45-4F85-B1D2-24E8E6051F9A}"
EndProject
Project("{FAE04EC0-301F-11D3-BF4B-00C04F79EFBC}") = "WP.Blog.Application", "WP.Blog.Application\WP.Blog.Application.csproj", "{7ACF3927-DA06-4A83-8046-7E76707CD580}"
EndProject
Project("{FAE04EC0-301F-11D3-BF4B-00C04F79EFBC}") = "WP.Blog.Application.Contracts", "WP.Blog.Application.Contracts\WP.Blog.Application.Contracts.csproj", "{15347E35-5165-44B7-A73B-66DAEA975DC1}"
EndProject
Project("{FAE04EC0-301F-11D3-BF4B-00C04F79EFBC}") = "WP.Blog.Domain", "WP.Blog.Domain\WP.Blog.Domain.csproj", "{1D834716-2E16-4DCA-AA58-E5631CBC1FE7}"
EndProject
Global
	GlobalSection(SolutionConfigurationPlatforms) = preSolution
		Debug|Any CPU = Debug|Any CPU
		Release|Any CPU = Release|Any CPU
	EndGlobalSection
	GlobalSection(ProjectConfigurationPlatforms) = postSolution
		{C2A2440F-C9AD-46EB-8C28-843332422168}.Debug|Any CPU.ActiveCfg = Debug|Any CPU
		{C2A2440F-C9AD-46EB-8C28-843332422168}.Debug|Any CPU.Build.0 = Debug|Any CPU
		{C2A2440F-C9AD-46EB-8C28-843332422168}.Release|Any CPU.ActiveCfg = Release|Any CPU
		{C2A2440F-C9AD-46EB-8C28-843332422168}.Release|Any CPU.Build.0 = Release|Any CPU
		{095006C5-EE17-4816-8613-EC3863807CD3}.Debug|Any CPU.ActiveCfg = Debug|Any CPU
		{095006C5-EE17-4816-8613-EC3863807CD3}.Debug|Any CPU.Build.0 = Debug|Any CPU
		{095006C5-EE17-4816-8613-EC3863807CD3}.Release|Any CPU.ActiveCfg = Release|Any CPU
		{095006C5-EE17-4816-8613-EC3863807CD3}.Release|Any CPU.Build.0 = Release|Any CPU
		{3DE31327-BE55-448D-8A3D-AFC316466255}.Debug|Any CPU.ActiveCfg = Debug|Any CPU
		{3DE31327-BE55-448D-8A3D-AFC316466255}.Debug|Any CPU.Build.0 = Debug|Any CPU
		{3DE31327-BE55-448D-8A3D-AFC316466255}.Release|Any CPU.ActiveCfg = Release|Any CPU
		{3DE31327-BE55-448D-8A3D-AFC316466255}.Release|Any CPU.Build.0 = Release|Any CPU
		{ADA4486B-6196-45BD-ADE2-23155474CA7D}.Debug|Any CPU.ActiveCfg = Debug|Any CPU
		{ADA4486B-6196-45BD-ADE2-23155474CA7D}.Debug|Any CPU.Build.0 = Debug|Any CPU
		{ADA4486B-6196-45BD-ADE2-23155474CA7D}.Release|Any CPU.ActiveCfg = Release|Any CPU
		{ADA4486B-6196-45BD-ADE2-23155474CA7D}.Release|Any CPU.Build.0 = Release|Any CPU
		{9C68EDF3-5922-47F8-80F2-0F3EF17A1A57}.Debug|Any CPU.ActiveCfg = Debug|Any CPU
		{9C68EDF3-5922-47F8-80F2-0F3EF17A1A57}.Debug|Any CPU.Build.0 = Debug|Any CPU
		{9C68EDF3-5922-47F8-80F2-0F3EF17A1A57}.Release|Any CPU.ActiveCfg = Release|Any CPU
		{9C68EDF3-5922-47F8-80F2-0F3EF17A1A57}.Release|Any CPU.Build.0 = Release|Any CPU
		{CBE99032-F8B6-481A-AD15-D669B593889A}.Debug|Any CPU.ActiveCfg = Debug|Any CPU
		{CBE99032-F8B6-481A-AD15-D669B593889A}.Debug|Any CPU.Build.0 = Debug|Any CPU
		{CBE99032-F8B6-481A-AD15-D669B593889A}.Release|Any CPU.ActiveCfg = Release|Any CPU
		{CBE99032-F8B6-481A-AD15-D669B593889A}.Release|Any CPU.Build.0 = Release|Any CPU
		{4D0F484B-55F1-4838-94C1-B064DFA710BC}.Debug|Any CPU.ActiveCfg = Debug|Any CPU
		{4D0F484B-55F1-4838-94C1-B064DFA710BC}.Debug|Any CPU.Build.0 = Debug|Any CPU
		{4D0F484B-55F1-4838-94C1-B064DFA710BC}.Release|Any CPU.ActiveCfg = Release|Any CPU
		{4D0F484B-55F1-4838-94C1-B064DFA710BC}.Release|Any CPU.Build.0 = Release|Any CPU
		{A2A5D4E2-74BC-4ACC-9543-59737E695816}.Debug|Any CPU.ActiveCfg = Debug|Any CPU
		{A2A5D4E2-74BC-4ACC-9543-59737E695816}.Debug|Any CPU.Build.0 = Debug|Any CPU
		{A2A5D4E2-74BC-4ACC-9543-59737E695816}.Release|Any CPU.ActiveCfg = Release|Any CPU
		{A2A5D4E2-74BC-4ACC-9543-59737E695816}.Release|Any CPU.Build.0 = Release|Any CPU
		{8E336D23-51D1-4280-A580-BBDB37D790FD}.Debug|Any CPU.ActiveCfg = Debug|Any CPU
		{8E336D23-51D1-4280-A580-BBDB37D790FD}.Debug|Any CPU.Build.0 = Debug|Any CPU
		{8E336D23-51D1-4280-A580-BBDB37D790FD}.Release|Any CPU.ActiveCfg = Release|Any CPU
		{8E336D23-51D1-4280-A580-BBDB37D790FD}.Release|Any CPU.Build.0 = Release|Any CPU
		{5B5DCCAD-596D-4CAC-BC0F-A5596AB4ED00}.Debug|Any CPU.ActiveCfg = Debug|Any CPU
		{5B5DCCAD-596D-4CAC-BC0F-A5596AB4ED00}.Debug|Any CPU.Build.0 = Debug|Any CPU
		{5B5DCCAD-596D-4CAC-BC0F-A5596AB4ED00}.Release|Any CPU.ActiveCfg = Release|Any CPU
		{5B5DCCAD-596D-4CAC-BC0F-A5596AB4ED00}.Release|Any CPU.Build.0 = Release|Any CPU
		{EAB4C826-48D5-44BA-82B9-51BB455A2182}.Debug|Any CPU.ActiveCfg = Debug|Any CPU
		{EAB4C826-48D5-44BA-82B9-51BB455A2182}.Debug|Any CPU.Build.0 = Debug|Any CPU
		{EAB4C826-48D5-44BA-82B9-51BB455A2182}.Release|Any CPU.ActiveCfg = Release|Any CPU
		{EAB4C826-48D5-44BA-82B9-51BB455A2182}.Release|Any CPU.Build.0 = Release|Any CPU
		{FC0C4E9D-6C7B-4184-A1C3-EE1B4FA6E214}.Debug|Any CPU.ActiveCfg = Debug|Any CPU
		{FC0C4E9D-6C7B-4184-A1C3-EE1B4FA6E214}.Debug|Any CPU.Build.0 = Debug|Any CPU
		{FC0C4E9D-6C7B-4184-A1C3-EE1B4FA6E214}.Release|Any CPU.ActiveCfg = Release|Any CPU
		{FC0C4E9D-6C7B-4184-A1C3-EE1B4FA6E214}.Release|Any CPU.Build.0 = Release|Any CPU
		{51E7D3AA-7166-4D45-9B17-6A76681868FD}.Debug|Any CPU.ActiveCfg = Debug|Any CPU
		{51E7D3AA-7166-4D45-9B17-6A76681868FD}.Debug|Any CPU.Build.0 = Debug|Any CPU
		{51E7D3AA-7166-4D45-9B17-6A76681868FD}.Release|Any CPU.ActiveCfg = Release|Any CPU
		{51E7D3AA-7166-4D45-9B17-6A76681868FD}.Release|Any CPU.Build.0 = Release|Any CPU
		{5E34753F-0C82-4F90-85A3-0574A508C9D6}.Debug|Any CPU.ActiveCfg = Debug|Any CPU
		{5E34753F-0C82-4F90-85A3-0574A508C9D6}.Debug|Any CPU.Build.0 = Debug|Any CPU
		{5E34753F-0C82-4F90-85A3-0574A508C9D6}.Release|Any CPU.ActiveCfg = Release|Any CPU
		{5E34753F-0C82-4F90-85A3-0574A508C9D6}.Release|Any CPU.Build.0 = Release|Any CPU
		{09555B2D-807F-4D34-940B-BE3495DC8173}.Debug|Any CPU.ActiveCfg = Debug|Any CPU
		{09555B2D-807F-4D34-940B-BE3495DC8173}.Debug|Any CPU.Build.0 = Debug|Any CPU
		{09555B2D-807F-4D34-940B-BE3495DC8173}.Release|Any CPU.ActiveCfg = Release|Any CPU
		{09555B2D-807F-4D34-940B-BE3495DC8173}.Release|Any CPU.Build.0 = Release|Any CPU
		{AF64F59F-8F45-4F85-B1D2-24E8E6051F9A}.Debug|Any CPU.ActiveCfg = Debug|Any CPU
		{AF64F59F-8F45-4F85-B1D2-24E8E6051F9A}.Debug|Any CPU.Build.0 = Debug|Any CPU
		{AF64F59F-8F45-4F85-B1D2-24E8E6051F9A}.Release|Any CPU.ActiveCfg = Release|Any CPU
		{AF64F59F-8F45-4F85-B1D2-24E8E6051F9A}.Release|Any CPU.Build.0 = Release|Any CPU
		{7ACF3927-DA06-4A83-8046-7E76707CD580}.Debug|Any CPU.ActiveCfg = Debug|Any CPU
		{7ACF3927-DA06-4A83-8046-7E76707CD580}.Debug|Any CPU.Build.0 = Debug|Any CPU
		{7ACF3927-DA06-4A83-8046-7E76707CD580}.Release|Any CPU.ActiveCfg = Release|Any CPU
		{7ACF3927-DA06-4A83-8046-7E76707CD580}.Release|Any CPU.Build.0 = Release|Any CPU
		{15347E35-5165-44B7-A73B-66DAEA975DC1}.Debug|Any CPU.ActiveCfg = Debug|Any CPU
		{15347E35-5165-44B7-A73B-66DAEA975DC1}.Debug|Any CPU.Build.0 = Debug|Any CPU
		{15347E35-5165-44B7-A73B-66DAEA975DC1}.Release|Any CPU.ActiveCfg = Release|Any CPU
		{15347E35-5165-44B7-A73B-66DAEA975DC1}.Release|Any CPU.Build.0 = Release|Any CPU
		{1D834716-2E16-4DCA-AA58-E5631CBC1FE7}.Debug|Any CPU.ActiveCfg = Debug|Any CPU
		{1D834716-2E16-4DCA-AA58-E5631CBC1FE7}.Debug|Any CPU.Build.0 = Debug|Any CPU
		{1D834716-2E16-4DCA-AA58-E5631CBC1FE7}.Release|Any CPU.ActiveCfg = Release|Any CPU
		{1D834716-2E16-4DCA-AA58-E5631CBC1FE7}.Release|Any CPU.Build.0 = Release|Any CPU
	EndGlobalSection
	GlobalSection(SolutionProperties) = preSolution
		HideSolutionNode = FALSE
	EndGlobalSection
	GlobalSection(NestedProjects) = preSolution
		{C2A2440F-C9AD-46EB-8C28-843332422168} = {0EEA3F70-BE0D-4106-A1E3-F9E2BEC981AF}
		{095006C5-EE17-4816-8613-EC3863807CD3} = {8EB1D7A1-14DE-4E76-956A-B68AE2D3F4CE}
		{3DE31327-BE55-448D-8A3D-AFC316466255} = {DE4EEB82-E310-429C-A95B-0AF47E01429A}
		{ADA4486B-6196-45BD-ADE2-23155474CA7D} = {8EB1D7A1-14DE-4E76-956A-B68AE2D3F4CE}
		{9C68EDF3-5922-47F8-80F2-0F3EF17A1A57} = {0EEA3F70-BE0D-4106-A1E3-F9E2BEC981AF}
		{CBE99032-F8B6-481A-AD15-D669B593889A} = {0EEA3F70-BE0D-4106-A1E3-F9E2BEC981AF}
		{4D0F484B-55F1-4838-94C1-B064DFA710BC} = {DE4EEB82-E310-429C-A95B-0AF47E01429A}
		{A2A5D4E2-74BC-4ACC-9543-59737E695816} = {0EEA3F70-BE0D-4106-A1E3-F9E2BEC981AF}
		{8E336D23-51D1-4280-A580-BBDB37D790FD} = {0EEA3F70-BE0D-4106-A1E3-F9E2BEC981AF}
		{8EB1D7A1-14DE-4E76-956A-B68AE2D3F4CE} = {AC72CE1A-BBFB-4156-BB54-EADB99C7F843}
		{5B5DCCAD-596D-4CAC-BC0F-A5596AB4ED00} = {A763AC1A-ABEE-4BBB-9318-E40891C643C1}
		{EAB4C826-48D5-44BA-82B9-51BB455A2182} = {F4AC40C7-C785-430C-9825-536A19F650B7}
		{FC0C4E9D-6C7B-4184-A1C3-EE1B4FA6E214} = {0EEA3F70-BE0D-4106-A1E3-F9E2BEC981AF}
		{51E7D3AA-7166-4D45-9B17-6A76681868FD} = {8EB1D7A1-14DE-4E76-956A-B68AE2D3F4CE}
		{5E34753F-0C82-4F90-85A3-0574A508C9D6} = {8EB1D7A1-14DE-4E76-956A-B68AE2D3F4CE}
		{09555B2D-807F-4D34-940B-BE3495DC8173} = {DE4EEB82-E310-429C-A95B-0AF47E01429A}
		{2C6C910C-39E8-4A92-9ABC-366064D2C8E8} = {AC72CE1A-BBFB-4156-BB54-EADB99C7F843}
		{AF64F59F-8F45-4F85-B1D2-24E8E6051F9A} = {2C6C910C-39E8-4A92-9ABC-366064D2C8E8}
		{7ACF3927-DA06-4A83-8046-7E76707CD580} = {2C6C910C-39E8-4A92-9ABC-366064D2C8E8}
		{15347E35-5165-44B7-A73B-66DAEA975DC1} = {2C6C910C-39E8-4A92-9ABC-366064D2C8E8}
		{1D834716-2E16-4DCA-AA58-E5631CBC1FE7} = {2C6C910C-39E8-4A92-9ABC-366064D2C8E8}
	EndGlobalSection
	GlobalSection(ExtensibilityGlobals) = postSolution
		SolutionGuid = {DF7AAF7C-19B3-4E94-AC33-9024BE28D796}
	EndGlobalSection
EndGlobal
